// !$*UTF8*$!
{
	archiveVersion = 1;
	classes = {
	};
	objectVersion = 46;
	objects = {

/* Begin PBXBuildFile section */
		6B4B89C01F1F626B0057DD98 /* ABC.png in Resources */ = {isa = PBXBuildFile; fileRef = 6B4B89BF1F1F626B0057DD98 /* ABC.png */; };
		6B72CF2C1F13844C005D6175 /* AppDelegate.swift in Sources */ = {isa = PBXBuildFile; fileRef = 6B72CF2B1F13844C005D6175 /* AppDelegate.swift */; };
		6B72CF2E1F13844C005D6175 /* ViewController.swift in Sources */ = {isa = PBXBuildFile; fileRef = 6B72CF2D1F13844C005D6175 /* ViewController.swift */; };
		6B72CF311F13844C005D6175 /* Main.storyboard in Resources */ = {isa = PBXBuildFile; fileRef = 6B72CF2F1F13844C005D6175 /* Main.storyboard */; };
		6B72CF331F13844C005D6175 /* Assets.xcassets in Resources */ = {isa = PBXBuildFile; fileRef = 6B72CF321F13844C005D6175 /* Assets.xcassets */; };
		6B72CF361F13844C005D6175 /* LaunchScreen.storyboard in Resources */ = {isa = PBXBuildFile; fileRef = 6B72CF341F13844C005D6175 /* LaunchScreen.storyboard */; };
		6B72CF411F13844C005D6175 /* NumberLoginTests.swift in Sources */ = {isa = PBXBuildFile; fileRef = 6B72CF401F13844C005D6175 /* NumberLoginTests.swift */; };
		6B72D1491F1393BF005D6175 /* AssetsLibrary.framework in Frameworks */ = {isa = PBXBuildFile; fileRef = 6B72D1481F1393BF005D6175 /* AssetsLibrary.framework */; };
		962409DDE6B5CBB7F7CDF911 /* Pods_NumberLogin.framework in Frameworks */ = {isa = PBXBuildFile; fileRef = 12DC4560A7E9DFEDB648D77F /* Pods_NumberLogin.framework */; };
/* End PBXBuildFile section */

/* Begin PBXContainerItemProxy section */
		6B72CF3D1F13844C005D6175 /* PBXContainerItemProxy */ = {
			isa = PBXContainerItemProxy;
			containerPortal = 6B72CF201F13844C005D6175 /* Project object */;
			proxyType = 1;
			remoteGlobalIDString = 6B72CF271F13844C005D6175;
			remoteInfo = NumberLogin;
		};
/* End PBXContainerItemProxy section */

/* Begin PBXFileReference section */
		12DC4560A7E9DFEDB648D77F /* Pods_NumberLogin.framework */ = {isa = PBXFileReference; explicitFileType = wrapper.framework; includeInIndex = 0; path = Pods_NumberLogin.framework; sourceTree = BUILT_PRODUCTS_DIR; };
		6B4B89BF1F1F626B0057DD98 /* ABC.png */ = {isa = PBXFileReference; lastKnownFileType = image.png; name = ABC.png; path = ../ABC.png; sourceTree = "<group>"; };
		6B72CF281F13844C005D6175 /* NumberLogin.app */ = {isa = PBXFileReference; explicitFileType = wrapper.application; includeInIndex = 0; path = NumberLogin.app; sourceTree = BUILT_PRODUCTS_DIR; };
		6B72CF2B1F13844C005D6175 /* AppDelegate.swift */ = {isa = PBXFileReference; lastKnownFileType = sourcecode.swift; path = AppDelegate.swift; sourceTree = "<group>"; };
		6B72CF2D1F13844C005D6175 /* ViewController.swift */ = {isa = PBXFileReference; lastKnownFileType = sourcecode.swift; path = ViewController.swift; sourceTree = "<group>"; };
		6B72CF301F13844C005D6175 /* Base */ = {isa = PBXFileReference; lastKnownFileType = file.storyboard; name = Base; path = Base.lproj/Main.storyboard; sourceTree = "<group>"; };
		6B72CF321F13844C005D6175 /* Assets.xcassets */ = {isa = PBXFileReference; lastKnownFileType = folder.assetcatalog; path = Assets.xcassets; sourceTree = "<group>"; };
		6B72CF351F13844C005D6175 /* Base */ = {isa = PBXFileReference; lastKnownFileType = file.storyboard; name = Base; path = Base.lproj/LaunchScreen.storyboard; sourceTree = "<group>"; };
		6B72CF371F13844C005D6175 /* Info.plist */ = {isa = PBXFileReference; lastKnownFileType = text.plist.xml; path = Info.plist; sourceTree = "<group>"; };
		6B72CF3C1F13844C005D6175 /* NumberLoginTests.xctest */ = {isa = PBXFileReference; explicitFileType = wrapper.cfbundle; includeInIndex = 0; path = NumberLoginTests.xctest; sourceTree = BUILT_PRODUCTS_DIR; };
		6B72CF401F13844C005D6175 /* NumberLoginTests.swift */ = {isa = PBXFileReference; lastKnownFileType = sourcecode.swift; path = NumberLoginTests.swift; sourceTree = "<group>"; };
		6B72CF421F13844C005D6175 /* Info.plist */ = {isa = PBXFileReference; lastKnownFileType = text.plist.xml; path = Info.plist; sourceTree = "<group>"; };
		6B72D1481F1393BF005D6175 /* AssetsLibrary.framework */ = {isa = PBXFileReference; lastKnownFileType = wrapper.framework; name = AssetsLibrary.framework; path = System/Library/Frameworks/AssetsLibrary.framework; sourceTree = SDKROOT; };
		F59B5F5ACEDE1A73400A1F6E /* Pods-NumberLogin.debug.xcconfig */ = {isa = PBXFileReference; includeInIndex = 1; lastKnownFileType = text.xcconfig; name = "Pods-NumberLogin.debug.xcconfig"; path = "Pods/Target Support Files/Pods-NumberLogin/Pods-NumberLogin.debug.xcconfig"; sourceTree = "<group>"; };
		FE0C84F91CD8A7AC60565D35 /* Pods-NumberLogin.release.xcconfig */ = {isa = PBXFileReference; includeInIndex = 1; lastKnownFileType = text.xcconfig; name = "Pods-NumberLogin.release.xcconfig"; path = "Pods/Target Support Files/Pods-NumberLogin/Pods-NumberLogin.release.xcconfig"; sourceTree = "<group>"; };
/* End PBXFileReference section */

/* Begin PBXFrameworksBuildPhase section */
		6B72CF251F13844C005D6175 /* Frameworks */ = {
			isa = PBXFrameworksBuildPhase;
			buildActionMask = 2147483647;
			files = (
				6B72D1491F1393BF005D6175 /* AssetsLibrary.framework in Frameworks */,
				962409DDE6B5CBB7F7CDF911 /* Pods_NumberLogin.framework in Frameworks */,
			);
			runOnlyForDeploymentPostprocessing = 0;
		};
		6B72CF391F13844C005D6175 /* Frameworks */ = {
			isa = PBXFrameworksBuildPhase;
			buildActionMask = 2147483647;
			files = (
			);
			runOnlyForDeploymentPostprocessing = 0;
		};
/* End PBXFrameworksBuildPhase section */

/* Begin PBXGroup section */
		6B72CF1F1F13844C005D6175 = {
			isa = PBXGroup;
			children = (
				6B72CF2A1F13844C005D6175 /* NumberLogin */,
				6B72CF3F1F13844C005D6175 /* NumberLoginTests */,
				6B72CF291F13844C005D6175 /* Products */,
				769D184D9D8DD5E8777466C5 /* Pods */,
				F0B90D29BA2F29955FA8C0F1 /* Frameworks */,
			);
			sourceTree = "<group>";
		};
		6B72CF291F13844C005D6175 /* Products */ = {
			isa = PBXGroup;
			children = (
				6B72CF281F13844C005D6175 /* NumberLogin.app */,
				6B72CF3C1F13844C005D6175 /* NumberLoginTests.xctest */,
			);
			name = Products;
			sourceTree = "<group>";
		};
		6B72CF2A1F13844C005D6175 /* NumberLogin */ = {
			isa = PBXGroup;
			children = (
				6B72CF2B1F13844C005D6175 /* AppDelegate.swift */,
				6B72CF2D1F13844C005D6175 /* ViewController.swift */,
				6B72CF2F1F13844C005D6175 /* Main.storyboard */,
				6B72CF321F13844C005D6175 /* Assets.xcassets */,
				6B72CF341F13844C005D6175 /* LaunchScreen.storyboard */,
				6B72CF371F13844C005D6175 /* Info.plist */,
				6B4B89BF1F1F626B0057DD98 /* ABC.png */,
			);
			path = NumberLogin;
			sourceTree = "<group>";
		};
		6B72CF3F1F13844C005D6175 /* NumberLoginTests */ = {
			isa = PBXGroup;
			children = (
				6B72CF401F13844C005D6175 /* NumberLoginTests.swift */,
				6B72CF421F13844C005D6175 /* Info.plist */,
			);
			path = NumberLoginTests;
			sourceTree = "<group>";
		};
		769D184D9D8DD5E8777466C5 /* Pods */ = {
			isa = PBXGroup;
			children = (
				F59B5F5ACEDE1A73400A1F6E /* Pods-NumberLogin.debug.xcconfig */,
				FE0C84F91CD8A7AC60565D35 /* Pods-NumberLogin.release.xcconfig */,
			);
			name = Pods;
			sourceTree = "<group>";
		};
		F0B90D29BA2F29955FA8C0F1 /* Frameworks */ = {
			isa = PBXGroup;
			children = (
				6B72D1481F1393BF005D6175 /* AssetsLibrary.framework */,
				12DC4560A7E9DFEDB648D77F /* Pods_NumberLogin.framework */,
			);
			name = Frameworks;
			sourceTree = "<group>";
		};
/* End PBXGroup section */

/* Begin PBXNativeTarget section */
		6B72CF271F13844C005D6175 /* NumberLogin */ = {
			isa = PBXNativeTarget;
			buildConfigurationList = 6B72CF451F13844C005D6175 /* Build configuration list for PBXNativeTarget "NumberLogin" */;
			buildPhases = (
				FBFA2D4C40E2674B4F81690C /* [CP] Check Pods Manifest.lock */,
				6B72CF241F13844C005D6175 /* Sources */,
				6B72CF251F13844C005D6175 /* Frameworks */,
				6B72CF261F13844C005D6175 /* Resources */,
				0CF53CE4C07D5CB041DCD964 /* [CP] Embed Pods Frameworks */,
				DFDB751D2EEE3C3599FDE68B /* [CP] Copy Pods Resources */,
			);
			buildRules = (
			);
			dependencies = (
			);
			name = NumberLogin;
			productName = NumberLogin;
			productReference = 6B72CF281F13844C005D6175 /* NumberLogin.app */;
			productType = "com.apple.product-type.application";
		};
		6B72CF3B1F13844C005D6175 /* NumberLoginTests */ = {
			isa = PBXNativeTarget;
			buildConfigurationList = 6B72CF481F13844C005D6175 /* Build configuration list for PBXNativeTarget "NumberLoginTests" */;
			buildPhases = (
				6B72CF381F13844C005D6175 /* Sources */,
				6B72CF391F13844C005D6175 /* Frameworks */,
				6B72CF3A1F13844C005D6175 /* Resources */,
			);
			buildRules = (
			);
			dependencies = (
				6B72CF3E1F13844C005D6175 /* PBXTargetDependency */,
			);
			name = NumberLoginTests;
			productName = NumberLoginTests;
			productReference = 6B72CF3C1F13844C005D6175 /* NumberLoginTests.xctest */;
			productType = "com.apple.product-type.bundle.unit-test";
		};
/* End PBXNativeTarget section */

/* Begin PBXProject section */
		6B72CF201F13844C005D6175 /* Project object */ = {
			isa = PBXProject;
			attributes = {
				LastSwiftUpdateCheck = 0820;
				LastUpgradeCheck = 0820;
				ORGANIZATIONNAME = mobileFirst;
				TargetAttributes = {
					6B72CF271F13844C005D6175 = {
						CreatedOnToolsVersion = 8.2;
						DevelopmentTeam = MB3U6KTHY8;
						ProvisioningStyle = Automatic;
					};
					6B72CF3B1F13844C005D6175 = {
						CreatedOnToolsVersion = 8.2;
						ProvisioningStyle = Automatic;
						TestTargetID = 6B72CF271F13844C005D6175;
					};
				};
			};
			buildConfigurationList = 6B72CF231F13844C005D6175 /* Build configuration list for PBXProject "NumberLogin" */;
			compatibilityVersion = "Xcode 3.2";
			developmentRegion = English;
			hasScannedForEncodings = 0;
			knownRegions = (
				en,
				Base,
			);
			mainGroup = 6B72CF1F1F13844C005D6175;
			productRefGroup = 6B72CF291F13844C005D6175 /* Products */;
			projectDirPath = "";
			projectRoot = "";
			targets = (
				6B72CF271F13844C005D6175 /* NumberLogin */,
				6B72CF3B1F13844C005D6175 /* NumberLoginTests */,
			);
		};
/* End PBXProject section */

/* Begin PBXResourcesBuildPhase section */
		6B72CF261F13844C005D6175 /* Resources */ = {
			isa = PBXResourcesBuildPhase;
			buildActionMask = 2147483647;
			files = (
				6B72CF361F13844C005D6175 /* LaunchScreen.storyboard in Resources */,
				6B72CF331F13844C005D6175 /* Assets.xcassets in Resources */,
				6B72CF311F13844C005D6175 /* Main.storyboard in Resources */,
				6B4B89C01F1F626B0057DD98 /* ABC.png in Resources */,
			);
			runOnlyForDeploymentPostprocessing = 0;
		};
		6B72CF3A1F13844C005D6175 /* Resources */ = {
			isa = PBXResourcesBuildPhase;
			buildActionMask = 2147483647;
			files = (
			);
			runOnlyForDeploymentPostprocessing = 0;
		};
/* End PBXResourcesBuildPhase section */

/* Begin PBXShellScriptBuildPhase section */
		0CF53CE4C07D5CB041DCD964 /* [CP] Embed Pods Frameworks */ = {
			isa = PBXShellScriptBuildPhase;
			buildActionMask = 2147483647;
			files = (
			);
			inputPaths = (
			);
			name = "[CP] Embed Pods Frameworks";
			outputPaths = (
			);
			runOnlyForDeploymentPostprocessing = 0;
			shellPath = /bin/sh;
			shellScript = "\"${SRCROOT}/Pods/Target Support Files/Pods-NumberLogin/Pods-NumberLogin-frameworks.sh\"\n";
			showEnvVarsInLog = 0;
		};
		DFDB751D2EEE3C3599FDE68B /* [CP] Copy Pods Resources */ = {
			isa = PBXShellScriptBuildPhase;
			buildActionMask = 2147483647;
			files = (
			);
			inputPaths = (
			);
			name = "[CP] Copy Pods Resources";
			outputPaths = (
			);
			runOnlyForDeploymentPostprocessing = 0;
			shellPath = /bin/sh;
			shellScript = "\"${SRCROOT}/Pods/Target Support Files/Pods-NumberLogin/Pods-NumberLogin-resources.sh\"\n";
			showEnvVarsInLog = 0;
		};
		FBFA2D4C40E2674B4F81690C /* [CP] Check Pods Manifest.lock */ = {
			isa = PBXShellScriptBuildPhase;
			buildActionMask = 2147483647;
			files = (
			);
			inputPaths = (
			);
			name = "[CP] Check Pods Manifest.lock";
			outputPaths = (
			);
			runOnlyForDeploymentPostprocessing = 0;
			shellPath = /bin/sh;
			shellScript = "diff \"${PODS_PODFILE_DIR_PATH}/Podfile.lock\" \"${PODS_ROOT}/Manifest.lock\" > /dev/null\nif [ $? != 0 ] ; then\n    # print error to STDERR\n    echo \"error: The sandbox is not in sync with the Podfile.lock. Run 'pod install' or update your CocoaPods installation.\" >&2\n    exit 1\nfi\n";
			showEnvVarsInLog = 0;
		};
/* End PBXShellScriptBuildPhase section */

/* Begin PBXSourcesBuildPhase section */
		6B72CF241F13844C005D6175 /* Sources */ = {
			isa = PBXSourcesBuildPhase;
			buildActionMask = 2147483647;
			files = (
				6B72CF2E1F13844C005D6175 /* ViewController.swift in Sources */,
				6B72CF2C1F13844C005D6175 /* AppDelegate.swift in Sources */,
			);
			runOnlyForDeploymentPostprocessing = 0;
		};
		6B72CF381F13844C005D6175 /* Sources */ = {
			isa = PBXSourcesBuildPhase;
			buildActionMask = 2147483647;
			files = (
				6B72CF411F13844C005D6175 /* NumberLoginTests.swift in Sources */,
			);
			runOnlyForDeploymentPostprocessing = 0;
		};
/* End PBXSourcesBuildPhase section */

/* Begin PBXTargetDependency section */
		6B72CF3E1F13844C005D6175 /* PBXTargetDependency */ = {
			isa = PBXTargetDependency;
			target = 6B72CF271F13844C005D6175 /* NumberLogin */;
			targetProxy = 6B72CF3D1F13844C005D6175 /* PBXContainerItemProxy */;
		};
/* End PBXTargetDependency section */

/* Begin PBXVariantGroup section */
		6B72CF2F1F13844C005D6175 /* Main.storyboard */ = {
			isa = PBXVariantGroup;
			children = (
				6B72CF301F13844C005D6175 /* Base */,
			);
			name = Main.storyboard;
			sourceTree = "<group>";
		};
		6B72CF341F13844C005D6175 /* LaunchScreen.storyboard */ = {
			isa = PBXVariantGroup;
			children = (
				6B72CF351F13844C005D6175 /* Base */,
			);
			name = LaunchScreen.storyboard;
			sourceTree = "<group>";
		};
/* End PBXVariantGroup section */

/* Begin XCBuildConfiguration section */
		6B72CF431F13844C005D6175 /* Debug */ = {
			isa = XCBuildConfiguration;
			buildSettings = {
				ALWAYS_SEARCH_USER_PATHS = NO;
				CLANG_ANALYZER_NONNULL = YES;
				CLANG_CXX_LANGUAGE_STANDARD = "gnu++0x";
				CLANG_CXX_LIBRARY = "libc++";
				CLANG_ENABLE_MODULES = YES;
				CLANG_ENABLE_OBJC_ARC = YES;
				CLANG_WARN_BOOL_CONVERSION = YES;
				CLANG_WARN_CONSTANT_CONVERSION = YES;
				CLANG_WARN_DIRECT_OBJC_ISA_USAGE = YES_ERROR;
				CLANG_WARN_DOCUMENTATION_COMMENTS = YES;
				CLANG_WARN_EMPTY_BODY = YES;
				CLANG_WARN_ENUM_CONVERSION = YES;
				CLANG_WARN_INFINITE_RECURSION = YES;
				CLANG_WARN_INT_CONVERSION = YES;
				CLANG_WARN_OBJC_ROOT_CLASS = YES_ERROR;
				CLANG_WARN_SUSPICIOUS_MOVE = YES;
				CLANG_WARN_UNREACHABLE_CODE = YES;
				CLANG_WARN__DUPLICATE_METHOD_MATCH = YES;
				"CODE_SIGN_IDENTITY[sdk=iphoneos*]" = "iPhone Developer";
				COPY_PHASE_STRIP = NO;
				DEBUG_INFORMATION_FORMAT = dwarf;
				ENABLE_STRICT_OBJC_MSGSEND = YES;
				ENABLE_TESTABILITY = YES;
				GCC_C_LANGUAGE_STANDARD = gnu99;
				GCC_DYNAMIC_NO_PIC = NO;
				GCC_NO_COMMON_BLOCKS = YES;
				GCC_OPTIMIZATION_LEVEL = 0;
				GCC_PREPROCESSOR_DEFINITIONS = (
					"DEBUG=1",
					"$(inherited)",
				);
				GCC_WARN_64_TO_32_BIT_CONVERSION = YES;
				GCC_WARN_ABOUT_RETURN_TYPE = YES_ERROR;
				GCC_WARN_UNDECLARED_SELECTOR = YES;
				GCC_WARN_UNINITIALIZED_AUTOS = YES_AGGRESSIVE;
				GCC_WARN_UNUSED_FUNCTION = YES;
				GCC_WARN_UNUSED_VARIABLE = YES;
				IPHONEOS_DEPLOYMENT_TARGET = 10.2;
				MTL_ENABLE_DEBUG_INFO = YES;
				ONLY_ACTIVE_ARCH = YES;
				SDKROOT = iphoneos;
				SWIFT_ACTIVE_COMPILATION_CONDITIONS = DEBUG;
				SWIFT_OPTIMIZATION_LEVEL = "-Onone";
			};
			name = Debug;
		};
		6B72CF441F13844C005D6175 /* Release */ = {
			isa = XCBuildConfiguration;
			buildSettings = {
				ALWAYS_SEARCH_USER_PATHS = NO;
				CLANG_ANALYZER_NONNULL = YES;
				CLANG_CXX_LANGUAGE_STANDARD = "gnu++0x";
				CLANG_CXX_LIBRARY = "libc++";
				CLANG_ENABLE_MODULES = YES;
				CLANG_ENABLE_OBJC_ARC = YES;
				CLANG_WARN_BOOL_CONVERSION = YES;
				CLANG_WARN_CONSTANT_CONVERSION = YES;
				CLANG_WARN_DIRECT_OBJC_ISA_USAGE = YES_ERROR;
				CLANG_WARN_DOCUMENTATION_COMMENTS = YES;
				CLANG_WARN_EMPTY_BODY = YES;
				CLANG_WARN_ENUM_CONVERSION = YES;
				CLANG_WARN_INFINITE_RECURSION = YES;
				CLANG_WARN_INT_CONVERSION = YES;
				CLANG_WARN_OBJC_ROOT_CLASS = YES_ERROR;
				CLANG_WARN_SUSPICIOUS_MOVE = YES;
				CLANG_WARN_UNREACHABLE_CODE = YES;
				CLANG_WARN__DUPLICATE_METHOD_MATCH = YES;
				"CODE_SIGN_IDENTITY[sdk=iphoneos*]" = "iPhone Developer";
				COPY_PHASE_STRIP = NO;
				DEBUG_INFORMATION_FORMAT = "dwarf-with-dsym";
				ENABLE_NS_ASSERTIONS = NO;
				ENABLE_STRICT_OBJC_MSGSEND = YES;
				GCC_C_LANGUAGE_STANDARD = gnu99;
				GCC_NO_COMMON_BLOCKS = YES;
				GCC_WARN_64_TO_32_BIT_CONVERSION = YES;
				GCC_WARN_ABOUT_RETURN_TYPE = YES_ERROR;
				GCC_WARN_UNDECLARED_SELECTOR = YES;
				GCC_WARN_UNINITIALIZED_AUTOS = YES_AGGRESSIVE;
				GCC_WARN_UNUSED_FUNCTION = YES;
				GCC_WARN_UNUSED_VARIABLE = YES;
				IPHONEOS_DEPLOYMENT_TARGET = 10.2;
				MTL_ENABLE_DEBUG_INFO = NO;
				SDKROOT = iphoneos;
				SWIFT_OPTIMIZATION_LEVEL = "-Owholemodule";
				VALIDATE_PRODUCT = YES;
			};
			name = Release;
		};
		6B72CF461F13844C005D6175 /* Debug */ = {
			isa = XCBuildConfiguration;
			baseConfigurationReference = F59B5F5ACEDE1A73400A1F6E /* Pods-NumberLogin.debug.xcconfig */;
			buildSettings = {
				ASSETCATALOG_COMPILER_APPICON_NAME = AppIcon;
				DEVELOPMENT_TEAM = MB3U6KTHY8;
				INFOPLIST_FILE = NumberLogin/Info.plist;
				LD_RUNPATH_SEARCH_PATHS = "$(inherited) @executable_path/Frameworks";
				PRODUCT_BUNDLE_IDENTIFIER = com.mobileFirst.NumberLogin;
				PRODUCT_NAME = "$(TARGET_NAME)";
				SWIFT_VERSION = 3.0;
			};
			name = Debug;
		};
		6B72CF471F13844C005D6175 /* Release */ = {
			isa = XCBuildConfiguration;
			baseConfigurationReference = FE0C84F91CD8A7AC60565D35 /* Pods-NumberLogin.release.xcconfig */;
			buildSettings = {
				ASSETCATALOG_COMPILER_APPICON_NAME = AppIcon;
				DEVELOPMENT_TEAM = MB3U6KTHY8;
				INFOPLIST_FILE = NumberLogin/Info.plist;
				LD_RUNPATH_SEARCH_PATHS = "$(inherited) @executable_path/Frameworks";
				PRODUCT_BUNDLE_IDENTIFIER = com.mobileFirst.NumberLogin;
				PRODUCT_NAME = "$(TARGET_NAME)";
				SWIFT_VERSION = 3.0;
			};
			name = Release;
		};
		6B72CF491F13844C005D6175 /* Debug */ = {
			isa = XCBuildConfiguration;
			buildSettings = {
				ALWAYS_EMBED_SWIFT_STANDARD_LIBRARIES = YES;
				BUNDLE_LOADER = "$(TEST_HOST)";
				INFOPLIST_FILE = NumberLoginTests/Info.plist;
				LD_RUNPATH_SEARCH_PATHS = "$(inherited) @executable_path/Frameworks @loader_path/Frameworks";
				PRODUCT_BUNDLE_IDENTIFIER = mobileFirst.NumberLoginTests;
				PRODUCT_NAME = "$(TARGET_NAME)";
				SWIFT_VERSION = 3.0;
				TEST_HOST = "$(BUILT_PRODUCTS_DIR)/NumberLogin.app/NumberLogin";
			};
			name = Debug;
		};
		6B72CF4A1F13844C005D6175 /* Release */ = {
			isa = XCBuildConfiguration;
			buildSettings = {
				ALWAYS_EMBED_SWIFT_STANDARD_LIBRARIES = YES;
				BUNDLE_LOADER = "$(TEST_HOST)";
				INFOPLIST_FILE = NumberLoginTests/Info.plist;
				LD_RUNPATH_SEARCH_PATHS = "$(inherited) @executable_path/Frameworks @loader_path/Frameworks";
				PRODUCT_BUNDLE_IDENTIFIER = mobileFirst.NumberLoginTests;
				PRODUCT_NAME = "$(TARGET_NAME)";
				SWIFT_VERSION = 3.0;
				TEST_HOST = "$(BUILT_PRODUCTS_DIR)/NumberLogin.app/NumberLogin";
			};
			name = Release;
		};
/* End XCBuildConfiguration section */

/* Begin XCConfigurationList section */
		6B72CF231F13844C005D6175 /* Build configuration list for PBXProject "NumberLogin" */ = {
			isa = XCConfigurationList;
			buildConfigurations = (
				6B72CF431F13844C005D6175 /* Debug */,
				6B72CF441F13844C005D6175 /* Release */,
			);
			defaultConfigurationIsVisible = 0;
			defaultConfigurationName = Release;
		};
		6B72CF451F13844C005D6175 /* Build configuration list for PBXNativeTarget "NumberLogin" */ = {
			isa = XCConfigurationList;
			buildConfigurations = (
				6B72CF461F13844C005D6175 /* Debug */,
				6B72CF471F13844C005D6175 /* Release */,
			);
			defaultConfigurationIsVisible = 0;
			defaultConfigurationName = Release;
		};
		6B72CF481F13844C005D6175 /* Build configuration list for PBXNativeTarget "NumberLoginTests" */ = {
			isa = XCConfigurationList;
			buildConfigurations = (
				6B72CF491F13844C005D6175 /* Debug */,
				6B72CF4A1F13844C005D6175 /* Release */,
			);
			defaultConfigurationIsVisible = 0;
			defaultConfigurationName = Release;
		};
/* End XCConfigurationList section */
	};
	rootObject = 6B72CF201F13844C005D6175 /* Project object */;
}
